[0m[1mmodule.autoscaling.module.iam_instance_profile.data.aws_iam_policy_document.iam_policy_document: Reading...[0m[0m
[0m[1mmodule.autoscaling.data.aws_ami.ami: Reading...[0m[0m
[0m[1mmodule.networking.data.aws_availability_zones.available: Reading...[0m[0m
[0m[1mmodule.autoscaling.module.iam_instance_profile.data.aws_iam_policy_document.iam_policy_document: Read complete after 0s [id=2812412075][0m
[0m[1mmodule.networking.data.aws_availability_zones.available: Read complete after 0s [id=ap-southeast-1][0m
[0m[1mmodule.autoscaling.data.aws_ami.ami: Read complete after 1s [id=ami-0fe5e4fe8e0b4152c][0m

Terraform used the selected providers to generate the following execution
plan. Resource actions are indicated with the following symbols:
  [32m+[0m create[0m

Terraform will perform the following actions:

[1m  # module.autoscaling.aws_autoscaling_group.web[0m will be created
[0m  [32m+[0m[0m resource "aws_autoscaling_group" "web" {
      [32m+[0m[0m arn                              = (known after apply)
      [32m+[0m[0m availability_zones               = (known after apply)
      [32m+[0m[0m default_cooldown                 = (known after apply)
      [32m+[0m[0m desired_capacity                 = (known after apply)
      [32m+[0m[0m force_delete                     = false
      [32m+[0m[0m force_delete_warm_pool           = false
      [32m+[0m[0m health_check_grace_period        = 300
      [32m+[0m[0m health_check_type                = (known after apply)
      [32m+[0m[0m id                               = (known after apply)
      [32m+[0m[0m ignore_failed_scaling_activities = false
      [32m+[0m[0m load_balancers                   = (known after apply)
      [32m+[0m[0m max_size                         = 3
      [32m+[0m[0m metrics_granularity              = "1Minute"
      [32m+[0m[0m min_size                         = 1
      [32m+[0m[0m name                             = "terraform-series-asg"
      [32m+[0m[0m name_prefix                      = (known after apply)
      [32m+[0m[0m predicted_capacity               = (known after apply)
      [32m+[0m[0m protect_from_scale_in            = false
      [32m+[0m[0m service_linked_role_arn          = (known after apply)
      [32m+[0m[0m target_group_arns                = (known after apply)
      [32m+[0m[0m vpc_zone_identifier              = (known after apply)
      [32m+[0m[0m wait_for_capacity_timeout        = "10m"
      [32m+[0m[0m warm_pool_size                   = (known after apply)

      [32m+[0m[0m launch_template {
          [32m+[0m[0m id      = (known after apply)
          [32m+[0m[0m name    = (known after apply)
          [32m+[0m[0m version = (known after apply)
        }

      [32m+[0m[0m mixed_instances_policy (known after apply)

      [32m+[0m[0m traffic_source (known after apply)
    }

[1m  # module.autoscaling.aws_launch_template.web[0m will be created
[0m  [32m+[0m[0m resource "aws_launch_template" "web" {
      [32m+[0m[0m arn                    = (known after apply)
      [32m+[0m[0m default_version        = (known after apply)
      [32m+[0m[0m id                     = (known after apply)
      [32m+[0m[0m image_id               = "ami-0fe5e4fe8e0b4152c"
      [32m+[0m[0m instance_type          = "t2.micro"
      [32m+[0m[0m latest_version         = (known after apply)
      [32m+[0m[0m name                   = (known after apply)
      [32m+[0m[0m name_prefix            = "web-"
      [32m+[0m[0m tags_all               = (known after apply)
      [32m+[0m[0m user_data              = "IyEvYmluL2Jhc2gKeXVtIHVwZGF0ZSAteQp5dW0gaW5zdGFsbCAteSBodHRwZC54ODZfNjQKc3lzdGVtY3RsIHN0YXJ0IGh0dHBkCnN5c3RlbWN0bCBlbmFibGUgaHR0cAplY2hvICIkKGN1cmwgaHR0cDovLzE2OS4yNTQuMTY5LjI1NC9sYXRlc3QvbWV0YS1kYXRhL2xvY2FsLWlwdjQpIiA+IC92YXIvd3d3L2h0bWwvaW5kZXguaHRtbA=="
      [32m+[0m[0m vpc_security_group_ids = (known after apply)

      [32m+[0m[0m iam_instance_profile {
          [32m+[0m[0m name = (known after apply)
        }

      [32m+[0m[0m metadata_options (known after apply)
    }

[1m  # module.database.aws_db_instance.database[0m will be created
[0m  [32m+[0m[0m resource "aws_db_instance" "database" {
      [32m+[0m[0m address                               = (known after apply)
      [32m+[0m[0m allocated_storage                     = 20
      [32m+[0m[0m apply_immediately                     = false
      [32m+[0m[0m arn                                   = (known after apply)
      [32m+[0m[0m auto_minor_version_upgrade            = true
      [32m+[0m[0m availability_zone                     = (known after apply)
      [32m+[0m[0m backup_retention_period               = (known after apply)
      [32m+[0m[0m backup_target                         = (known after apply)
      [32m+[0m[0m backup_window                         = (known after apply)
      [32m+[0m[0m ca_cert_identifier                    = (known after apply)
      [32m+[0m[0m character_set_name                    = (known after apply)
      [32m+[0m[0m copy_tags_to_snapshot                 = false
      [32m+[0m[0m db_name                               = "series"
      [32m+[0m[0m db_subnet_group_name                  = (known after apply)
      [32m+[0m[0m dedicated_log_volume                  = false
      [32m+[0m[0m delete_automated_backups              = true
      [32m+[0m[0m domain_fqdn                           = (known after apply)
      [32m+[0m[0m endpoint                              = (known after apply)
      [32m+[0m[0m engine                                = "postgresql"
      [32m+[0m[0m engine_lifecycle_support              = (known after apply)
      [32m+[0m[0m engine_version                        = "12.7"
      [32m+[0m[0m engine_version_actual                 = (known after apply)
      [32m+[0m[0m hosted_zone_id                        = (known after apply)
      [32m+[0m[0m id                                    = (known after apply)
      [32m+[0m[0m identifier                            = "terraform-series-db-instance"
      [32m+[0m[0m identifier_prefix                     = (known after apply)
      [32m+[0m[0m instance_class                        = "db.t2.micro"
      [32m+[0m[0m iops                                  = (known after apply)
      [32m+[0m[0m kms_key_id                            = (known after apply)
      [32m+[0m[0m latest_restorable_time                = (known after apply)
      [32m+[0m[0m license_model                         = (known after apply)
      [32m+[0m[0m listener_endpoint                     = (known after apply)
      [32m+[0m[0m maintenance_window                    = (known after apply)
      [32m+[0m[0m master_user_secret                    = (known after apply)
      [32m+[0m[0m master_user_secret_kms_key_id         = (known after apply)
      [32m+[0m[0m monitoring_interval                   = 0
      [32m+[0m[0m monitoring_role_arn                   = (known after apply)
      [32m+[0m[0m multi_az                              = (known after apply)
      [32m+[0m[0m nchar_character_set_name              = (known after apply)
      [32m+[0m[0m network_type                          = (known after apply)
      [32m+[0m[0m option_group_name                     = (known after apply)
      [32m+[0m[0m parameter_group_name                  = (known after apply)
      [32m+[0m[0m password                              = (sensitive value)
      [32m+[0m[0m performance_insights_enabled          = false
      [32m+[0m[0m performance_insights_kms_key_id       = (known after apply)
      [32m+[0m[0m performance_insights_retention_period = (known after apply)
      [32m+[0m[0m port                                  = (known after apply)
      [32m+[0m[0m publicly_accessible                   = false
      [32m+[0m[0m replica_mode                          = (known after apply)
      [32m+[0m[0m replicas                              = (known after apply)
      [32m+[0m[0m resource_id                           = (known after apply)
      [32m+[0m[0m skip_final_snapshot                   = true
      [32m+[0m[0m snapshot_identifier                   = (known after apply)
      [32m+[0m[0m status                                = (known after apply)
      [32m+[0m[0m storage_throughput                    = (known after apply)
      [32m+[0m[0m storage_type                          = (known after apply)
      [32m+[0m[0m tags_all                              = (known after apply)
      [32m+[0m[0m timezone                              = (known after apply)
      [32m+[0m[0m username                              = "series"
      [32m+[0m[0m vpc_security_group_ids                = (known after apply)
    }

[1m  # module.database.random_password.password[0m will be created
[0m  [32m+[0m[0m resource "random_password" "password" {
      [32m+[0m[0m bcrypt_hash      = (sensitive value)
      [32m+[0m[0m id               = (known after apply)
      [32m+[0m[0m length           = 16
      [32m+[0m[0m lower            = true
      [32m+[0m[0m min_lower        = 0
      [32m+[0m[0m min_numeric      = 0
      [32m+[0m[0m min_special      = 0
      [32m+[0m[0m min_upper        = 0
      [32m+[0m[0m number           = true
      [32m+[0m[0m numeric          = true
      [32m+[0m[0m override_special = "_%@"
      [32m+[0m[0m result           = (sensitive value)
      [32m+[0m[0m special          = true
      [32m+[0m[0m upper            = true
    }

[1m  # module.autoscaling.module.alb.aws_lb.this[0][0m will be created
[0m  [32m+[0m[0m resource "aws_lb" "this" {
      [32m+[0m[0m arn                                                          = (known after apply)
      [32m+[0m[0m arn_suffix                                                   = (known after apply)
      [32m+[0m[0m client_keep_alive                                            = 3600
      [32m+[0m[0m desync_mitigation_mode                                       = "defensive"
      [32m+[0m[0m dns_name                                                     = (known after apply)
      [32m+[0m[0m drop_invalid_header_fields                                   = false
      [32m+[0m[0m enable_deletion_protection                                   = false
      [32m+[0m[0m enable_http2                                                 = true
      [32m+[0m[0m enable_tls_version_and_cipher_suite_headers                  = false
      [32m+[0m[0m enable_waf_fail_open                                         = false
      [32m+[0m[0m enable_xff_client_port                                       = false
      [32m+[0m[0m enforce_security_group_inbound_rules_on_private_link_traffic = (known after apply)
      [32m+[0m[0m id                                                           = (known after apply)
      [32m+[0m[0m idle_timeout                                                 = 60
      [32m+[0m[0m internal                                                     = false
      [32m+[0m[0m ip_address_type                                              = "ipv4"
      [32m+[0m[0m load_balancer_type                                           = "application"
      [32m+[0m[0m name                                                         = "terraform-series"
      [32m+[0m[0m name_prefix                                                  = (known after apply)
      [32m+[0m[0m preserve_host_header                                         = false
      [32m+[0m[0m security_groups                                              = (known after apply)
      [32m+[0m[0m subnets                                                      = (known after apply)
      [32m+[0m[0m tags                                                         = {
          [32m+[0m[0m "Name" = "terraform-series"
        }
      [32m+[0m[0m tags_all                                                     = {
          [32m+[0m[0m "Name" = "terraform-series"
        }
      [32m+[0m[0m vpc_id                                                       = (known after apply)
      [32m+[0m[0m xff_header_processing_mode                                   = "append"
      [32m+[0m[0m zone_id                                                      = (known after apply)

      [32m+[0m[0m subnet_mapping (known after apply)

      [32m+[0m[0m timeouts {
          [32m+[0m[0m create = "10m"
          [32m+[0m[0m delete = "10m"
          [32m+[0m[0m update = "10m"
        }
    }

[1m  # module.autoscaling.module.alb.aws_lb_listener.frontend_http_tcp[0][0m will be created
[0m  [32m+[0m[0m resource "aws_lb_listener" "frontend_http_tcp" {
      [32m+[0m[0m arn               = (known after apply)
      [32m+[0m[0m id                = (known after apply)
      [32m+[0m[0m load_balancer_arn = (known after apply)
      [32m+[0m[0m port              = 80
      [32m+[0m[0m protocol          = "HTTP"
      [32m+[0m[0m ssl_policy        = (known after apply)
      [32m+[0m[0m tags_all          = (known after apply)

      [32m+[0m[0m default_action {
          [32m+[0m[0m order            = (known after apply)
          [32m+[0m[0m target_group_arn = (known after apply)
          [32m+[0m[0m type             = "forward"
        }

      [32m+[0m[0m mutual_authentication (known after apply)
    }

[1m  # module.autoscaling.module.alb.aws_lb_target_group.main[0][0m will be created
[0m  [32m+[0m[0m resource "aws_lb_target_group" "main" {
      [32m+[0m[0m arn                                = (known after apply)
      [32m+[0m[0m arn_suffix                         = (known after apply)
      [32m+[0m[0m connection_termination             = (known after apply)
      [32m+[0m[0m deregistration_delay               = "300"
      [32m+[0m[0m id                                 = (known after apply)
      [32m+[0m[0m ip_address_type                    = (known after apply)
      [32m+[0m[0m lambda_multi_value_headers_enabled = false
      [32m+[0m[0m load_balancer_arns                 = (known after apply)
      [32m+[0m[0m load_balancing_algorithm_type      = (known after apply)
      [32m+[0m[0m load_balancing_anomaly_mitigation  = (known after apply)
      [32m+[0m[0m load_balancing_cross_zone_enabled  = (known after apply)
      [32m+[0m[0m name                               = (known after apply)
      [32m+[0m[0m name_prefix                        = "web"
      [32m+[0m[0m port                               = 80
      [32m+[0m[0m preserve_client_ip                 = (known after apply)
      [32m+[0m[0m protocol                           = "HTTP"
      [32m+[0m[0m protocol_version                   = (known after apply)
      [32m+[0m[0m proxy_protocol_v2                  = false
      [32m+[0m[0m slow_start                         = 0
      [32m+[0m[0m tags                               = {
          [32m+[0m[0m "Name" = "web"
        }
      [32m+[0m[0m tags_all                           = {
          [32m+[0m[0m "Name" = "web"
        }
      [32m+[0m[0m target_type                        = "instance"
      [32m+[0m[0m vpc_id                             = (known after apply)

      [32m+[0m[0m health_check (known after apply)

      [32m+[0m[0m stickiness (known after apply)

      [32m+[0m[0m target_failover (known after apply)

      [32m+[0m[0m target_group_health (known after apply)

      [32m+[0m[0m target_health_state (known after apply)
    }

[1m  # module.autoscaling.module.iam_instance_profile.aws_iam_instance_profile.iam_instance_profile[0m will be created
[0m  [32m+[0m[0m resource "aws_iam_instance_profile" "iam_instance_profile" {
      [32m+[0m[0m arn         = (known after apply)
      [32m+[0m[0m create_date = (known after apply)
      [32m+[0m[0m id          = (known after apply)
      [32m+[0m[0m name        = (known after apply)
      [32m+[0m[0m name_prefix = (known after apply)
      [32m+[0m[0m path        = "/"
      [32m+[0m[0m role        = (known after apply)
      [32m+[0m[0m tags_all    = (known after apply)
      [32m+[0m[0m unique_id   = (known after apply)
    }

[1m  # module.autoscaling.module.iam_instance_profile.aws_iam_role.iam_role[0m will be created
[0m  [32m+[0m[0m resource "aws_iam_role" "iam_role" {
      [32m+[0m[0m arn                   = (known after apply)
      [32m+[0m[0m assume_role_policy    = jsonencode(
            {
              [32m+[0m[0m Statement = [
                  [32m+[0m[0m {
                      [32m+[0m[0m Action    = "sts:AssumeRole"
                      [32m+[0m[0m Effect    = "Allow"
                      [32m+[0m[0m Principal = {
                          [32m+[0m[0m Service = "ec2.amazonaws.com"
                        }
                    },
                ]
              [32m+[0m[0m Version   = "2012-10-17"
            }
        )
      [32m+[0m[0m create_date           = (known after apply)
      [32m+[0m[0m force_detach_policies = false
      [32m+[0m[0m id                    = (known after apply)
      [32m+[0m[0m managed_policy_arns   = (known after apply)
      [32m+[0m[0m max_session_duration  = 3600
      [32m+[0m[0m name                  = (known after apply)
      [32m+[0m[0m name_prefix           = (known after apply)
      [32m+[0m[0m path                  = "/"
      [32m+[0m[0m tags_all              = (known after apply)
      [32m+[0m[0m unique_id             = (known after apply)

      [32m+[0m[0m inline_policy (known after apply)
    }

[1m  # module.autoscaling.module.iam_instance_profile.aws_iam_role_policy.iam_role_policy[0m will be created
[0m  [32m+[0m[0m resource "aws_iam_role_policy" "iam_role_policy" {
      [32m+[0m[0m id          = (known after apply)
      [32m+[0m[0m name        = (known after apply)
      [32m+[0m[0m name_prefix = (known after apply)
      [32m+[0m[0m policy      = jsonencode(
            {
              [32m+[0m[0m Statement = [
                  [32m+[0m[0m {
                      [32m+[0m[0m Action   = [
                          [32m+[0m[0m "rds:*",
                          [32m+[0m[0m "logs:*",
                        ]
                      [32m+[0m[0m Effect   = "Allow"
                      [32m+[0m[0m Resource = "*"
                    },
                ]
              [32m+[0m[0m Version   = "2012-10-17"
            }
        )
      [32m+[0m[0m role        = (known after apply)
    }

[1m  # module.networking.module.alb_sg.aws_security_group.security_group[0m will be created
[0m  [32m+[0m[0m resource "aws_security_group" "security_group" {
      [32m+[0m[0m arn                    = (known after apply)
      [32m+[0m[0m description            = "Managed by Terraform"
      [32m+[0m[0m egress                 = [
          [32m+[0m[0m {
              [32m+[0m[0m cidr_blocks      = [
                  [32m+[0m[0m "0.0.0.0/0",
                ]
              [32m+[0m[0m from_port        = 0
              [32m+[0m[0m ipv6_cidr_blocks = []
              [32m+[0m[0m prefix_list_ids  = []
              [32m+[0m[0m protocol         = "-1"
              [32m+[0m[0m security_groups  = []
              [32m+[0m[0m self             = false
              [32m+[0m[0m to_port          = 0
                [90m# (1 unchanged attribute hidden)[0m[0m
            },
        ]
      [32m+[0m[0m id                     = (known after apply)
      [32m+[0m[0m ingress                = [
          [32m+[0m[0m {
              [32m+[0m[0m cidr_blocks      = [
                  [32m+[0m[0m "0.0.0.0/0",
                ]
              [32m+[0m[0m from_port        = 80
              [32m+[0m[0m ipv6_cidr_blocks = []
              [32m+[0m[0m prefix_list_ids  = []
              [32m+[0m[0m protocol         = "tcp"
              [32m+[0m[0m security_groups  = []
              [32m+[0m[0m self             = false
              [32m+[0m[0m to_port          = 80
                [90m# (1 unchanged attribute hidden)[0m[0m
            },
          [32m+[0m[0m {
              [32m+[0m[0m cidr_blocks      = []
              [32m+[0m[0m from_port        = 0
              [32m+[0m[0m ipv6_cidr_blocks = []
              [32m+[0m[0m prefix_list_ids  = []
              [32m+[0m[0m protocol         = "-1"
              [32m+[0m[0m security_groups  = []
              [32m+[0m[0m self             = true
              [32m+[0m[0m to_port          = 0
                [90m# (1 unchanged attribute hidden)[0m[0m
            },
        ]
      [32m+[0m[0m name                   = (known after apply)
      [32m+[0m[0m name_prefix            = (known after apply)
      [32m+[0m[0m owner_id               = (known after apply)
      [32m+[0m[0m revoke_rules_on_delete = false
      [32m+[0m[0m tags_all               = (known after apply)
      [32m+[0m[0m vpc_id                 = (known after apply)
    }

[1m  # module.networking.module.db_sg.aws_security_group.security_group[0m will be created
[0m  [32m+[0m[0m resource "aws_security_group" "security_group" {
      [32m+[0m[0m arn                    = (known after apply)
      [32m+[0m[0m description            = "Managed by Terraform"
      [32m+[0m[0m egress                 = [
          [32m+[0m[0m {
              [32m+[0m[0m cidr_blocks      = [
                  [32m+[0m[0m "0.0.0.0/0",
                ]
              [32m+[0m[0m from_port        = 0
              [32m+[0m[0m ipv6_cidr_blocks = []
              [32m+[0m[0m prefix_list_ids  = []
              [32m+[0m[0m protocol         = "-1"
              [32m+[0m[0m security_groups  = []
              [32m+[0m[0m self             = false
              [32m+[0m[0m to_port          = 0
                [90m# (1 unchanged attribute hidden)[0m[0m
            },
        ]
      [32m+[0m[0m id                     = (known after apply)
      [32m+[0m[0m ingress                = [
          [32m+[0m[0m {
              [32m+[0m[0m cidr_blocks      = []
              [32m+[0m[0m from_port        = 0
              [32m+[0m[0m ipv6_cidr_blocks = []
              [32m+[0m[0m prefix_list_ids  = []
              [32m+[0m[0m protocol         = "-1"
              [32m+[0m[0m security_groups  = []
              [32m+[0m[0m self             = true
              [32m+[0m[0m to_port          = 0
                [90m# (1 unchanged attribute hidden)[0m[0m
            },
          [32m+[0m[0m {
              [32m+[0m[0m cidr_blocks      = []
              [32m+[0m[0m from_port        = 5432
              [32m+[0m[0m ipv6_cidr_blocks = []
              [32m+[0m[0m prefix_list_ids  = []
              [32m+[0m[0m protocol         = "tcp"
              [32m+[0m[0m security_groups  = (known after apply)
              [32m+[0m[0m self             = false
              [32m+[0m[0m to_port          = 5432
                [90m# (1 unchanged attribute hidden)[0m[0m
            },
        ]
      [32m+[0m[0m name                   = (known after apply)
      [32m+[0m[0m name_prefix            = (known after apply)
      [32m+[0m[0m owner_id               = (known after apply)
      [32m+[0m[0m revoke_rules_on_delete = false
      [32m+[0m[0m tags_all               = (known after apply)
      [32m+[0m[0m vpc_id                 = (known after apply)
    }

[1m  # module.networking.module.vpc.aws_db_subnet_group.database[0][0m will be created
[0m  [32m+[0m[0m resource "aws_db_subnet_group" "database" {
      [32m+[0m[0m arn                     = (known after apply)
      [32m+[0m[0m description             = "Database subnet group for terraform-series-vpc"
      [32m+[0m[0m id                      = (known after apply)
      [32m+[0m[0m name                    = "terraform-series-vpc"
      [32m+[0m[0m name_prefix             = (known after apply)
      [32m+[0m[0m subnet_ids              = (known after apply)
      [32m+[0m[0m supported_network_types = (known after apply)
      [32m+[0m[0m tags                    = {
          [32m+[0m[0m "Name" = "terraform-series-vpc"
        }
      [32m+[0m[0m tags_all                = {
          [32m+[0m[0m "Name" = "terraform-series-vpc"
        }
      [32m+[0m[0m vpc_id                  = (known after apply)
    }

[1m  # module.networking.module.vpc.aws_default_network_acl.this[0][0m will be created
[0m  [32m+[0m[0m resource "aws_default_network_acl" "this" {
      [32m+[0m[0m arn                    = (known after apply)
      [32m+[0m[0m default_network_acl_id = (known after apply)
      [32m+[0m[0m id                     = (known after apply)
      [32m+[0m[0m owner_id               = (known after apply)
      [32m+[0m[0m tags                   = {
          [32m+[0m[0m "Name" = "terraform-series-vpc-default"
        }
      [32m+[0m[0m tags_all               = {
          [32m+[0m[0m "Name" = "terraform-series-vpc-default"
        }
      [32m+[0m[0m vpc_id                 = (known after apply)

      [32m+[0m[0m egress {
          [32m+[0m[0m action          = "allow"
          [32m+[0m[0m from_port       = 0
          [32m+[0m[0m ipv6_cidr_block = "::/0"
          [32m+[0m[0m protocol        = "-1"
          [32m+[0m[0m rule_no         = 101
          [32m+[0m[0m to_port         = 0
            [90m# (1 unchanged attribute hidden)[0m[0m
        }
      [32m+[0m[0m egress {
          [32m+[0m[0m action          = "allow"
          [32m+[0m[0m cidr_block      = "0.0.0.0/0"
          [32m+[0m[0m from_port       = 0
          [32m+[0m[0m protocol        = "-1"
          [32m+[0m[0m rule_no         = 100
          [32m+[0m[0m to_port         = 0
            [90m# (1 unchanged attribute hidden)[0m[0m
        }

      [32m+[0m[0m ingress {
          [32m+[0m[0m action          = "allow"
          [32m+[0m[0m from_port       = 0
          [32m+[0m[0m ipv6_cidr_block = "::/0"
          [32m+[0m[0m protocol        = "-1"
          [32m+[0m[0m rule_no         = 101
          [32m+[0m[0m to_port         = 0
            [90m# (1 unchanged attribute hidden)[0m[0m
        }
      [32m+[0m[0m ingress {
          [32m+[0m[0m action          = "allow"
          [32m+[0m[0m cidr_block      = "0.0.0.0/0"
          [32m+[0m[0m from_port       = 0
          [32m+[0m[0m protocol        = "-1"
          [32m+[0m[0m rule_no         = 100
          [32m+[0m[0m to_port         = 0
            [90m# (1 unchanged attribute hidden)[0m[0m
        }
    }

[1m  # module.networking.module.vpc.aws_default_route_table.default[0][0m will be created
[0m  [32m+[0m[0m resource "aws_default_route_table" "default" {
      [32m+[0m[0m arn                    = (known after apply)
      [32m+[0m[0m default_route_table_id = (known after apply)
      [32m+[0m[0m id                     = (known after apply)
      [32m+[0m[0m owner_id               = (known after apply)
      [32m+[0m[0m route                  = (known after apply)
      [32m+[0m[0m tags                   = {
          [32m+[0m[0m "Name" = "terraform-series-vpc-default"
        }
      [32m+[0m[0m tags_all               = {
          [32m+[0m[0m "Name" = "terraform-series-vpc-default"
        }
      [32m+[0m[0m vpc_id                 = (known after apply)

      [32m+[0m[0m timeouts {
          [32m+[0m[0m create = "5m"
          [32m+[0m[0m update = "5m"
        }
    }

[1m  # module.networking.module.vpc.aws_default_security_group.this[0][0m will be created
[0m  [32m+[0m[0m resource "aws_default_security_group" "this" {
      [32m+[0m[0m arn                    = (known after apply)
      [32m+[0m[0m description            = (known after apply)
      [32m+[0m[0m egress                 = (known after apply)
      [32m+[0m[0m id                     = (known after apply)
      [32m+[0m[0m ingress                = (known after apply)
      [32m+[0m[0m name                   = (known after apply)
      [32m+[0m[0m name_prefix            = (known after apply)
      [32m+[0m[0m owner_id               = (known after apply)
      [32m+[0m[0m revoke_rules_on_delete = false
      [32m+[0m[0m tags                   = {
          [32m+[0m[0m "Name" = "terraform-series-vpc-default"
        }
      [32m+[0m[0m tags_all               = {
          [32m+[0m[0m "Name" = "terraform-series-vpc-default"
        }
      [32m+[0m[0m vpc_id                 = (known after apply)
    }

[1m  # module.networking.module.vpc.aws_eip.nat[0][0m will be created
[0m  [32m+[0m[0m resource "aws_eip" "nat" {
      [32m+[0m[0m allocation_id        = (known after apply)
      [32m+[0m[0m arn                  = (known after apply)
      [32m+[0m[0m association_id       = (known after apply)
      [32m+[0m[0m carrier_ip           = (known after apply)
      [32m+[0m[0m customer_owned_ip    = (known after apply)
      [32m+[0m[0m domain               = "vpc"
      [32m+[0m[0m id                   = (known after apply)
      [32m+[0m[0m instance             = (known after apply)
      [32m+[0m[0m network_border_group = (known after apply)
      [32m+[0m[0m network_interface    = (known after apply)
      [32m+[0m[0m private_dns          = (known after apply)
      [32m+[0m[0m private_ip           = (known after apply)
      [32m+[0m[0m ptr_record           = (known after apply)
      [32m+[0m[0m public_dns           = (known after apply)
      [32m+[0m[0m public_ip            = (known after apply)
      [32m+[0m[0m public_ipv4_pool     = (known after apply)
      [32m+[0m[0m tags                 = {
          [32m+[0m[0m "Name" = "terraform-series-vpc-ap-southeast-1a"
        }
      [32m+[0m[0m tags_all             = {
          [32m+[0m[0m "Name" = "terraform-series-vpc-ap-southeast-1a"
        }
      [32m+[0m[0m vpc                  = (known after apply)
    }

[1m  # module.networking.module.vpc.aws_internet_gateway.this[0][0m will be created
[0m  [32m+[0m[0m resource "aws_internet_gateway" "this" {
      [32m+[0m[0m arn      = (known after apply)
      [32m+[0m[0m id       = (known after apply)
      [32m+[0m[0m owner_id = (known after apply)
      [32m+[0m[0m tags     = {
          [32m+[0m[0m "Name" = "terraform-series-vpc"
        }
      [32m+[0m[0m tags_all = {
          [32m+[0m[0m "Name" = "terraform-series-vpc"
        }
      [32m+[0m[0m vpc_id   = (known after apply)
    }

[1m  # module.networking.module.vpc.aws_nat_gateway.this[0][0m will be created
[0m  [32m+[0m[0m resource "aws_nat_gateway" "this" {
      [32m+[0m[0m allocation_id                      = (known after apply)
      [32m+[0m[0m association_id                     = (known after apply)
      [32m+[0m[0m connectivity_type                  = "public"
      [32m+[0m[0m id                                 = (known after apply)
      [32m+[0m[0m network_interface_id               = (known after apply)
      [32m+[0m[0m private_ip                         = (known after apply)
      [32m+[0m[0m public_ip                          = (known after apply)
      [32m+[0m[0m secondary_private_ip_address_count = (known after apply)
      [32m+[0m[0m secondary_private_ip_addresses     = (known after apply)
      [32m+[0m[0m subnet_id                          = (known after apply)
      [32m+[0m[0m tags                               = {
          [32m+[0m[0m "Name" = "terraform-series-vpc-ap-southeast-1a"
        }
      [32m+[0m[0m tags_all                           = {
          [32m+[0m[0m "Name" = "terraform-series-vpc-ap-southeast-1a"
        }
    }

[1m  # module.networking.module.vpc.aws_route.private_nat_gateway[0][0m will be created
[0m  [32m+[0m[0m resource "aws_route" "private_nat_gateway" {
      [32m+[0m[0m destination_cidr_block = "0.0.0.0/0"
      [32m+[0m[0m id                     = (known after apply)
      [32m+[0m[0m instance_id            = (known after apply)
      [32m+[0m[0m instance_owner_id      = (known after apply)
      [32m+[0m[0m nat_gateway_id         = (known after apply)
      [32m+[0m[0m network_interface_id   = (known after apply)
      [32m+[0m[0m origin                 = (known after apply)
      [32m+[0m[0m route_table_id         = (known after apply)
      [32m+[0m[0m state                  = (known after apply)

      [32m+[0m[0m timeouts {
          [32m+[0m[0m create = "5m"
        }
    }

[1m  # module.networking.module.vpc.aws_route.public_internet_gateway[0][0m will be created
[0m  [32m+[0m[0m resource "aws_route" "public_internet_gateway" {
      [32m+[0m[0m destination_cidr_block = "0.0.0.0/0"
      [32m+[0m[0m gateway_id             = (known after apply)
      [32m+[0m[0m id                     = (known after apply)
      [32m+[0m[0m instance_id            = (known after apply)
      [32m+[0m[0m instance_owner_id      = (known after apply)
      [32m+[0m[0m network_interface_id   = (known after apply)
      [32m+[0m[0m origin                 = (known after apply)
      [32m+[0m[0m route_table_id         = (known after apply)
      [32m+[0m[0m state                  = (known after apply)

      [32m+[0m[0m timeouts {
          [32m+[0m[0m create = "5m"
        }
    }

[1m  # module.networking.module.vpc.aws_route_table.private[0][0m will be created
[0m  [32m+[0m[0m resource "aws_route_table" "private" {
      [32m+[0m[0m arn              = (known after apply)
      [32m+[0m[0m id               = (known after apply)
      [32m+[0m[0m owner_id         = (known after apply)
      [32m+[0m[0m propagating_vgws = (known after apply)
      [32m+[0m[0m route            = (known after apply)
      [32m+[0m[0m tags             = {
          [32m+[0m[0m "Name" = "terraform-series-vpc-private"
        }
      [32m+[0m[0m tags_all         = {
          [32m+[0m[0m "Name" = "terraform-series-vpc-private"
        }
      [32m+[0m[0m vpc_id           = (known after apply)
    }

[1m  # module.networking.module.vpc.aws_route_table.public[0][0m will be created
[0m  [32m+[0m[0m resource "aws_route_table" "public" {
      [32m+[0m[0m arn              = (known after apply)
      [32m+[0m[0m id               = (known after apply)
      [32m+[0m[0m owner_id         = (known after apply)
      [32m+[0m[0m propagating_vgws = (known after apply)
      [32m+[0m[0m route            = (known after apply)
      [32m+[0m[0m tags             = {
          [32m+[0m[0m "Name" = "terraform-series-vpc-public"
        }
      [32m+[0m[0m tags_all         = {
          [32m+[0m[0m "Name" = "terraform-series-vpc-public"
        }
      [32m+[0m[0m vpc_id           = (known after apply)
    }

[1m  # module.networking.module.vpc.aws_route_table_association.database[0][0m will be created
[0m  [32m+[0m[0m resource "aws_route_table_association" "database" {
      [32m+[0m[0m id             = (known after apply)
      [32m+[0m[0m route_table_id = (known after apply)
      [32m+[0m[0m subnet_id      = (known after apply)
    }

[1m  # module.networking.module.vpc.aws_route_table_association.database[1][0m will be created
[0m  [32m+[0m[0m resource "aws_route_table_association" "database" {
      [32m+[0m[0m id             = (known after apply)
      [32m+[0m[0m route_table_id = (known after apply)
      [32m+[0m[0m subnet_id      = (known after apply)
    }

[1m  # module.networking.module.vpc.aws_route_table_association.database[2][0m will be created
[0m  [32m+[0m[0m resource "aws_route_table_association" "database" {
      [32m+[0m[0m id             = (known after apply)
      [32m+[0m[0m route_table_id = (known after apply)
      [32m+[0m[0m subnet_id      = (known after apply)
    }

[1m  # module.networking.module.vpc.aws_route_table_association.private[0][0m will be created
[0m  [32m+[0m[0m resource "aws_route_table_association" "private" {
      [32m+[0m[0m id             = (known after apply)
      [32m+[0m[0m route_table_id = (known after apply)
      [32m+[0m[0m subnet_id      = (known after apply)
    }

[1m  # module.networking.module.vpc.aws_route_table_association.private[1][0m will be created
[0m  [32m+[0m[0m resource "aws_route_table_association" "private" {
      [32m+[0m[0m id             = (known after apply)
      [32m+[0m[0m route_table_id = (known after apply)
      [32m+[0m[0m subnet_id      = (known after apply)
    }

[1m  # module.networking.module.vpc.aws_route_table_association.private[2][0m will be created
[0m  [32m+[0m[0m resource "aws_route_table_association" "private" {
      [32m+[0m[0m id             = (known after apply)
      [32m+[0m[0m route_table_id = (known after apply)
      [32m+[0m[0m subnet_id      = (known after apply)
    }

[1m  # module.networking.module.vpc.aws_route_table_association.public[0][0m will be created
[0m  [32m+[0m[0m resource "aws_route_table_association" "public" {
      [32m+[0m[0m id             = (known after apply)
      [32m+[0m[0m route_table_id = (known after apply)
      [32m+[0m[0m subnet_id      = (known after apply)
    }

[1m  # module.networking.module.vpc.aws_route_table_association.public[1][0m will be created
[0m  [32m+[0m[0m resource "aws_route_table_association" "public" {
      [32m+[0m[0m id             = (known after apply)
      [32m+[0m[0m route_table_id = (known after apply)
      [32m+[0m[0m subnet_id      = (known after apply)
    }

[1m  # module.networking.module.vpc.aws_route_table_association.public[2][0m will be created
[0m  [32m+[0m[0m resource "aws_route_table_association" "public" {
      [32m+[0m[0m id             = (known after apply)
      [32m+[0m[0m route_table_id = (known after apply)
      [32m+[0m[0m subnet_id      = (known after apply)
    }

[1m  # module.networking.module.vpc.aws_subnet.database[0][0m will be created
[0m  [32m+[0m[0m resource "aws_subnet" "database" {
      [32m+[0m[0m arn                                            = (known after apply)
      [32m+[0m[0m assign_ipv6_address_on_creation                = false
      [32m+[0m[0m availability_zone                              = "ap-southeast-1a"
      [32m+[0m[0m availability_zone_id                           = (known after apply)
      [32m+[0m[0m cidr_block                                     = "10.0.7.0/24"
      [32m+[0m[0m enable_dns64                                   = false
      [32m+[0m[0m enable_resource_name_dns_a_record_on_launch    = false
      [32m+[0m[0m enable_resource_name_dns_aaaa_record_on_launch = false
      [32m+[0m[0m id                                             = (known after apply)
      [32m+[0m[0m ipv6_cidr_block_association_id                 = (known after apply)
      [32m+[0m[0m ipv6_native                                    = false
      [32m+[0m[0m map_public_ip_on_launch                        = false
      [32m+[0m[0m owner_id                                       = (known after apply)
      [32m+[0m[0m private_dns_hostname_type_on_launch            = (known after apply)
      [32m+[0m[0m tags                                           = {
          [32m+[0m[0m "Name" = "terraform-series-vpc-db-ap-southeast-1a"
        }
      [32m+[0m[0m tags_all                                       = {
          [32m+[0m[0m "Name" = "terraform-series-vpc-db-ap-southeast-1a"
        }
      [32m+[0m[0m vpc_id                                         = (known after apply)
    }

[1m  # module.networking.module.vpc.aws_subnet.database[1][0m will be created
[0m  [32m+[0m[0m resource "aws_subnet" "database" {
      [32m+[0m[0m arn                                            = (known after apply)
      [32m+[0m[0m assign_ipv6_address_on_creation                = false
      [32m+[0m[0m availability_zone                              = "ap-southeast-1b"
      [32m+[0m[0m availability_zone_id                           = (known after apply)
      [32m+[0m[0m cidr_block                                     = "10.0.8.0/24"
      [32m+[0m[0m enable_dns64                                   = false
      [32m+[0m[0m enable_resource_name_dns_a_record_on_launch    = false
      [32m+[0m[0m enable_resource_name_dns_aaaa_record_on_launch = false
      [32m+[0m[0m id                                             = (known after apply)
      [32m+[0m[0m ipv6_cidr_block_association_id                 = (known after apply)
      [32m+[0m[0m ipv6_native                                    = false
      [32m+[0m[0m map_public_ip_on_launch                        = false
      [32m+[0m[0m owner_id                                       = (known after apply)
      [32m+[0m[0m private_dns_hostname_type_on_launch            = (known after apply)
      [32m+[0m[0m tags                                           = {
          [32m+[0m[0m "Name" = "terraform-series-vpc-db-ap-southeast-1b"
        }
      [32m+[0m[0m tags_all                                       = {
          [32m+[0m[0m "Name" = "terraform-series-vpc-db-ap-southeast-1b"
        }
      [32m+[0m[0m vpc_id                                         = (known after apply)
    }

[1m  # module.networking.module.vpc.aws_subnet.database[2][0m will be created
[0m  [32m+[0m[0m resource "aws_subnet" "database" {
      [32m+[0m[0m arn                                            = (known after apply)
      [32m+[0m[0m assign_ipv6_address_on_creation                = false
      [32m+[0m[0m availability_zone                              = "ap-southeast-1c"
      [32m+[0m[0m availability_zone_id                           = (known after apply)
      [32m+[0m[0m cidr_block                                     = "10.0.9.0/24"
      [32m+[0m[0m enable_dns64                                   = false
      [32m+[0m[0m enable_resource_name_dns_a_record_on_launch    = false
      [32m+[0m[0m enable_resource_name_dns_aaaa_record_on_launch = false
      [32m+[0m[0m id                                             = (known after apply)
      [32m+[0m[0m ipv6_cidr_block_association_id                 = (known after apply)
      [32m+[0m[0m ipv6_native                                    = false
      [32m+[0m[0m map_public_ip_on_launch                        = false
      [32m+[0m[0m owner_id                                       = (known after apply)
      [32m+[0m[0m private_dns_hostname_type_on_launch            = (known after apply)
      [32m+[0m[0m tags                                           = {
          [32m+[0m[0m "Name" = "terraform-series-vpc-db-ap-southeast-1c"
        }
      [32m+[0m[0m tags_all                                       = {
          [32m+[0m[0m "Name" = "terraform-series-vpc-db-ap-southeast-1c"
        }
      [32m+[0m[0m vpc_id                                         = (known after apply)
    }

[1m  # module.networking.module.vpc.aws_subnet.private[0][0m will be created
[0m  [32m+[0m[0m resource "aws_subnet" "private" {
      [32m+[0m[0m arn                                            = (known after apply)
      [32m+[0m[0m assign_ipv6_address_on_creation                = false
      [32m+[0m[0m availability_zone                              = "ap-southeast-1a"
      [32m+[0m[0m availability_zone_id                           = (known after apply)
      [32m+[0m[0m cidr_block                                     = "10.0.1.0/24"
      [32m+[0m[0m enable_dns64                                   = false
      [32m+[0m[0m enable_resource_name_dns_a_record_on_launch    = false
      [32m+[0m[0m enable_resource_name_dns_aaaa_record_on_launch = false
      [32m+[0m[0m id                                             = (known after apply)
      [32m+[0m[0m ipv6_cidr_block_association_id                 = (known after apply)
      [32m+[0m[0m ipv6_native                                    = false
      [32m+[0m[0m map_public_ip_on_launch                        = false
      [32m+[0m[0m owner_id                                       = (known after apply)
      [32m+[0m[0m private_dns_hostname_type_on_launch            = (known after apply)
      [32m+[0m[0m tags                                           = {
          [32m+[0m[0m "Name" = "terraform-series-vpc-private-ap-southeast-1a"
        }
      [32m+[0m[0m tags_all                                       = {
          [32m+[0m[0m "Name" = "terraform-series-vpc-private-ap-southeast-1a"
        }
      [32m+[0m[0m vpc_id                                         = (known after apply)
    }

[1m  # module.networking.module.vpc.aws_subnet.private[1][0m will be created
[0m  [32m+[0m[0m resource "aws_subnet" "private" {
      [32m+[0m[0m arn                                            = (known after apply)
      [32m+[0m[0m assign_ipv6_address_on_creation                = false
      [32m+[0m[0m availability_zone                              = "ap-southeast-1b"
      [32m+[0m[0m availability_zone_id                           = (known after apply)
      [32m+[0m[0m cidr_block                                     = "10.0.2.0/24"
      [32m+[0m[0m enable_dns64                                   = false
      [32m+[0m[0m enable_resource_name_dns_a_record_on_launch    = false
      [32m+[0m[0m enable_resource_name_dns_aaaa_record_on_launch = false
      [32m+[0m[0m id                                             = (known after apply)
      [32m+[0m[0m ipv6_cidr_block_association_id                 = (known after apply)
      [32m+[0m[0m ipv6_native                                    = false
      [32m+[0m[0m map_public_ip_on_launch                        = false
      [32m+[0m[0m owner_id                                       = (known after apply)
      [32m+[0m[0m private_dns_hostname_type_on_launch            = (known after apply)
      [32m+[0m[0m tags                                           = {
          [32m+[0m[0m "Name" = "terraform-series-vpc-private-ap-southeast-1b"
        }
      [32m+[0m[0m tags_all                                       = {
          [32m+[0m[0m "Name" = "terraform-series-vpc-private-ap-southeast-1b"
        }
      [32m+[0m[0m vpc_id                                         = (known after apply)
    }

[1m  # module.networking.module.vpc.aws_subnet.private[2][0m will be created
[0m  [32m+[0m[0m resource "aws_subnet" "private" {
      [32m+[0m[0m arn                                            = (known after apply)
      [32m+[0m[0m assign_ipv6_address_on_creation                = false
      [32m+[0m[0m availability_zone                              = "ap-southeast-1c"
      [32m+[0m[0m availability_zone_id                           = (known after apply)
      [32m+[0m[0m cidr_block                                     = "10.0.3.0/24"
      [32m+[0m[0m enable_dns64                                   = false
      [32m+[0m[0m enable_resource_name_dns_a_record_on_launch    = false
      [32m+[0m[0m enable_resource_name_dns_aaaa_record_on_launch = false
      [32m+[0m[0m id                                             = (known after apply)
      [32m+[0m[0m ipv6_cidr_block_association_id                 = (known after apply)
      [32m+[0m[0m ipv6_native                                    = false
      [32m+[0m[0m map_public_ip_on_launch                        = false
      [32m+[0m[0m owner_id                                       = (known after apply)
      [32m+[0m[0m private_dns_hostname_type_on_launch            = (known after apply)
      [32m+[0m[0m tags                                           = {
          [32m+[0m[0m "Name" = "terraform-series-vpc-private-ap-southeast-1c"
        }
      [32m+[0m[0m tags_all                                       = {
          [32m+[0m[0m "Name" = "terraform-series-vpc-private-ap-southeast-1c"
        }
      [32m+[0m[0m vpc_id                                         = (known after apply)
    }

[1m  # module.networking.module.vpc.aws_subnet.public[0][0m will be created
[0m  [32m+[0m[0m resource "aws_subnet" "public" {
      [32m+[0m[0m arn                                            = (known after apply)
      [32m+[0m[0m assign_ipv6_address_on_creation                = false
      [32m+[0m[0m availability_zone                              = "ap-southeast-1a"
      [32m+[0m[0m availability_zone_id                           = (known after apply)
      [32m+[0m[0m cidr_block                                     = "10.0.4.0/24"
      [32m+[0m[0m enable_dns64                                   = false
      [32m+[0m[0m enable_resource_name_dns_a_record_on_launch    = false
      [32m+[0m[0m enable_resource_name_dns_aaaa_record_on_launch = false
      [32m+[0m[0m id                                             = (known after apply)
      [32m+[0m[0m ipv6_cidr_block_association_id                 = (known after apply)
      [32m+[0m[0m ipv6_native                                    = false
      [32m+[0m[0m map_public_ip_on_launch                        = false
      [32m+[0m[0m owner_id                                       = (known after apply)
      [32m+[0m[0m private_dns_hostname_type_on_launch            = (known after apply)
      [32m+[0m[0m tags                                           = {
          [32m+[0m[0m "Name" = "terraform-series-vpc-public-ap-southeast-1a"
        }
      [32m+[0m[0m tags_all                                       = {
          [32m+[0m[0m "Name" = "terraform-series-vpc-public-ap-southeast-1a"
        }
      [32m+[0m[0m vpc_id                                         = (known after apply)
    }

[1m  # module.networking.module.vpc.aws_subnet.public[1][0m will be created
[0m  [32m+[0m[0m resource "aws_subnet" "public" {
      [32m+[0m[0m arn                                            = (known after apply)
      [32m+[0m[0m assign_ipv6_address_on_creation                = false
      [32m+[0m[0m availability_zone                              = "ap-southeast-1b"
      [32m+[0m[0m availability_zone_id                           = (known after apply)
      [32m+[0m[0m cidr_block                                     = "10.0.5.0/24"
      [32m+[0m[0m enable_dns64                                   = false
      [32m+[0m[0m enable_resource_name_dns_a_record_on_launch    = false
      [32m+[0m[0m enable_resource_name_dns_aaaa_record_on_launch = false
      [32m+[0m[0m id                                             = (known after apply)
      [32m+[0m[0m ipv6_cidr_block_association_id                 = (known after apply)
      [32m+[0m[0m ipv6_native                                    = false
      [32m+[0m[0m map_public_ip_on_launch                        = false
      [32m+[0m[0m owner_id                                       = (known after apply)
      [32m+[0m[0m private_dns_hostname_type_on_launch            = (known after apply)
      [32m+[0m[0m tags                                           = {
          [32m+[0m[0m "Name" = "terraform-series-vpc-public-ap-southeast-1b"
        }
      [32m+[0m[0m tags_all                                       = {
          [32m+[0m[0m "Name" = "terraform-series-vpc-public-ap-southeast-1b"
        }
      [32m+[0m[0m vpc_id                                         = (known after apply)
    }

[1m  # module.networking.module.vpc.aws_subnet.public[2][0m will be created
[0m  [32m+[0m[0m resource "aws_subnet" "public" {
      [32m+[0m[0m arn                                            = (known after apply)
      [32m+[0m[0m assign_ipv6_address_on_creation                = false
      [32m+[0m[0m availability_zone                              = "ap-southeast-1c"
      [32m+[0m[0m availability_zone_id                           = (known after apply)
      [32m+[0m[0m cidr_block                                     = "10.0.6.0/24"
      [32m+[0m[0m enable_dns64                                   = false
      [32m+[0m[0m enable_resource_name_dns_a_record_on_launch    = false
      [32m+[0m[0m enable_resource_name_dns_aaaa_record_on_launch = false
      [32m+[0m[0m id                                             = (known after apply)
      [32m+[0m[0m ipv6_cidr_block_association_id                 = (known after apply)
      [32m+[0m[0m ipv6_native                                    = false
      [32m+[0m[0m map_public_ip_on_launch                        = false
      [32m+[0m[0m owner_id                                       = (known after apply)
      [32m+[0m[0m private_dns_hostname_type_on_launch            = (known after apply)
      [32m+[0m[0m tags                                           = {
          [32m+[0m[0m "Name" = "terraform-series-vpc-public-ap-southeast-1c"
        }
      [32m+[0m[0m tags_all                                       = {
          [32m+[0m[0m "Name" = "terraform-series-vpc-public-ap-southeast-1c"
        }
      [32m+[0m[0m vpc_id                                         = (known after apply)
    }

[1m  # module.networking.module.vpc.aws_vpc.this[0][0m will be created
[0m  [32m+[0m[0m resource "aws_vpc" "this" {
      [32m+[0m[0m arn                                  = (known after apply)
      [32m+[0m[0m cidr_block                           = "10.0.0.0/16"
      [32m+[0m[0m default_network_acl_id               = (known after apply)
      [32m+[0m[0m default_route_table_id               = (known after apply)
      [32m+[0m[0m default_security_group_id            = (known after apply)
      [32m+[0m[0m dhcp_options_id                      = (known after apply)
      [32m+[0m[0m enable_dns_hostnames                 = true
      [32m+[0m[0m enable_dns_support                   = true
      [32m+[0m[0m enable_network_address_usage_metrics = (known after apply)
      [32m+[0m[0m id                                   = (known after apply)
      [32m+[0m[0m instance_tenancy                     = "default"
      [32m+[0m[0m ipv6_association_id                  = (known after apply)
      [32m+[0m[0m ipv6_cidr_block                      = (known after apply)
      [32m+[0m[0m ipv6_cidr_block_network_border_group = (known after apply)
      [32m+[0m[0m main_route_table_id                  = (known after apply)
      [32m+[0m[0m owner_id                             = (known after apply)
      [32m+[0m[0m tags                                 = {
          [32m+[0m[0m "Name" = "terraform-series-vpc"
        }
      [32m+[0m[0m tags_all                             = {
          [32m+[0m[0m "Name" = "terraform-series-vpc"
        }
    }

[1m  # module.networking.module.web_sg.aws_security_group.security_group[0m will be created
[0m  [32m+[0m[0m resource "aws_security_group" "security_group" {
      [32m+[0m[0m arn                    = (known after apply)
      [32m+[0m[0m description            = "Managed by Terraform"
      [32m+[0m[0m egress                 = [
          [32m+[0m[0m {
              [32m+[0m[0m cidr_blocks      = [
                  [32m+[0m[0m "0.0.0.0/0",
                ]
              [32m+[0m[0m from_port        = 0
              [32m+[0m[0m ipv6_cidr_blocks = []
              [32m+[0m[0m prefix_list_ids  = []
              [32m+[0m[0m protocol         = "-1"
              [32m+[0m[0m security_groups  = []
              [32m+[0m[0m self             = false
              [32m+[0m[0m to_port          = 0
                [90m# (1 unchanged attribute hidden)[0m[0m
            },
        ]
      [32m+[0m[0m id                     = (known after apply)
      [32m+[0m[0m ingress                = [
          [32m+[0m[0m {
              [32m+[0m[0m cidr_blocks      = []
              [32m+[0m[0m from_port        = 0
              [32m+[0m[0m ipv6_cidr_blocks = []
              [32m+[0m[0m prefix_list_ids  = []
              [32m+[0m[0m protocol         = "-1"
              [32m+[0m[0m security_groups  = []
              [32m+[0m[0m self             = true
              [32m+[0m[0m to_port          = 0
                [90m# (1 unchanged attribute hidden)[0m[0m
            },
          [32m+[0m[0m {
              [32m+[0m[0m cidr_blocks      = []
              [32m+[0m[0m from_port        = 80
              [32m+[0m[0m ipv6_cidr_blocks = []
              [32m+[0m[0m prefix_list_ids  = []
              [32m+[0m[0m protocol         = "tcp"
              [32m+[0m[0m security_groups  = (known after apply)
              [32m+[0m[0m self             = false
              [32m+[0m[0m to_port          = 80
                [90m# (1 unchanged attribute hidden)[0m[0m
            },
        ]
      [32m+[0m[0m name                   = (known after apply)
      [32m+[0m[0m name_prefix            = (known after apply)
      [32m+[0m[0m owner_id               = (known after apply)
      [32m+[0m[0m revoke_rules_on_delete = false
      [32m+[0m[0m tags_all               = (known after apply)
      [32m+[0m[0m vpc_id                 = (known after apply)
    }

[1mPlan:[0m 43 to add, 0 to change, 0 to destroy.
[0m
Changes to Outputs:
  [32m+[0m[0m db_password = (sensitive value)
  [32m+[0m[0m lb_dns_name = (known after apply)
[90m
─────────────────────────────────────────────────────────────────────────────[0m

Saved the plan to: plan.out

To perform exactly these actions, run the following command to apply:
    terraform apply "plan.out"
